{
  "name": "@ppzp/dwallet",
  "version": "0.0.0",
  "lockfileVersion": 2,
  "requires": true,
  "packages": {
    "": {
      "name": "@ppzp/dwallet",
      "version": "0.0.0",
      "license": "Unlicense",
      "dependencies": {
        "@ppzp/utils": "^0.0.8"
      },
      "devDependencies": {
        "coffeescript": "^2.7.0"
      }
    },
    "node_modules/@ppzp/utils": {
      "version": "0.0.8",
      "resolved": "https://registry.npmjs.org/@ppzp/utils/-/utils-0.0.8.tgz",
      "integrity": "sha512-FJC7AoRFg3WEcZjoKaU1AjyYEzOdXupnAWhT3ne5yATuazlY3tCSgn72j3Z9+Bu0anDEtOi9LkhMX7NWn5Nscw=="
    },
    "node_modules/coffeescript": {
      "version": "2.7.0",
      "resolved": "https://registry.npmjs.org/coffeescript/-/coffeescript-2.7.0.tgz",
      "integrity": "sha512-hzWp6TUE2d/jCcN67LrW1eh5b/rSDKQK6oD6VMLlggYVUUFexgTH9z3dNYihzX4RMhze5FTUsUmOXViJKFQR/A==",
      "dev": true,
      "bin": {
        "cake": "bin/cake",
        "coffee": "bin/coffee"
      },
      "engines": {
        "node": ">=6"
      }
    }
  },
  "dependencies": {
    "@ppzp/utils": {
      "version": "0.0.8",
      "resolved": "https://registry.npmjs.org/@ppzp/utils/-/utils-0.0.8.tgz",
      "integrity": "sha512-FJC7AoRFg3WEcZjoKaU1AjyYEzOdXupnAWhT3ne5yATuazlY3tCSgn72j3Z9+Bu0anDEtOi9LkhMX7NWn5Nscw=="
    },
    "coffeescript": {
      "version": "2.7.0",
      "resolved": "https://registry.npmjs.org/coffeescript/-/coffeescript-2.7.0.tgz",
      "integrity": "sha512-hzWp6TUE2d/jCcN67LrW1eh5b/rSDKQK6oD6VMLlggYVUUFexgTH9z3dNYihzX4RMhze5FTUsUmOXViJKFQR/A==",
      "dev": true
    }
  }
}
